
Microsoft Visual Studio Solution File, Format Version 12.00
# Visual Studio 2013
VisualStudioVersion = 12.0.30723.0
MinimumVisualStudioVersion = 10.0.40219.1
Project("{FAE04EC0-301F-11D3-BF4B-00C04F79EFBC}") = "ConnectFour.Logic", "ConnectFour.Logic\ConnectFour.Logic.csproj", "{7932FC0F-D8FF-4A67-BA55-664A2615BFA9}"
EndProject
Project("{FAE04EC0-301F-11D3-BF4B-00C04F79EFBC}") = "ConnectFour.Console", "ConnectFour.Console\ConnectFour.Console.csproj", "{119CDDF2-EB98-4447-B95B-71C8269EABF6}"
EndProject
Project("{FAE04EC0-301F-11D3-BF4B-00C04F79EFBC}") = "ConnectFour.GUI", "ConnectFour.GUI\ConnectFour.GUI.csproj", "{B531B74D-9F05-433C-A214-1892BA11A53D}"
EndProject
Project("{FAE04EC0-301F-11D3-BF4B-00C04F79EFBC}") = "ConnectFour.FischertechnikInterface", "ConnectFour.FischertechnikInterface\ConnectFour.FischertechnikInterface.csproj", "{519E07F8-9393-4AA6-B058-502578F59AF2}"
EndProject
Project("{FAE04EC0-301F-11D3-BF4B-00C04F79EFBC}") = "ConnectFour.Vision", "ConnectFour.Vision\ConnectFour.Vision.csproj", "{4BD3448A-AA03-4EA4-8FCD-E59113152235}"
EndProject
Project("{FAE04EC0-301F-11D3-BF4B-00C04F79EFBC}") = "ConnectFour.Testing", "ConnectFour.Testing\ConnectFour.Testing.csproj", "{50AEC311-E429-44D3-BA7D-375090A67D8A}"
EndProject
Global
	GlobalSection(SolutionConfigurationPlatforms) = preSolution
		Debug|Any CPU = Debug|Any CPU
		Release|Any CPU = Release|Any CPU
	EndGlobalSection
	GlobalSection(ProjectConfigurationPlatforms) = postSolution
		{7932FC0F-D8FF-4A67-BA55-664A2615BFA9}.Debug|Any CPU.ActiveCfg = Debug|Any CPU
		{7932FC0F-D8FF-4A67-BA55-664A2615BFA9}.Debug|Any CPU.Build.0 = Debug|Any CPU
		{7932FC0F-D8FF-4A67-BA55-664A2615BFA9}.Release|Any CPU.ActiveCfg = Release|Any CPU
		{7932FC0F-D8FF-4A67-BA55-664A2615BFA9}.Release|Any CPU.Build.0 = Release|Any CPU
		{119CDDF2-EB98-4447-B95B-71C8269EABF6}.Debug|Any CPU.ActiveCfg = Debug|Any CPU
		{119CDDF2-EB98-4447-B95B-71C8269EABF6}.Debug|Any CPU.Build.0 = Debug|Any CPU
		{119CDDF2-EB98-4447-B95B-71C8269EABF6}.Release|Any CPU.ActiveCfg = Release|Any CPU
		{119CDDF2-EB98-4447-B95B-71C8269EABF6}.Release|Any CPU.Build.0 = Release|Any CPU
		{B531B74D-9F05-433C-A214-1892BA11A53D}.Debug|Any CPU.ActiveCfg = Debug|Any CPU
		{B531B74D-9F05-433C-A214-1892BA11A53D}.Debug|Any CPU.Build.0 = Debug|Any CPU
		{B531B74D-9F05-433C-A214-1892BA11A53D}.Release|Any CPU.ActiveCfg = Release|Any CPU
		{B531B74D-9F05-433C-A214-1892BA11A53D}.Release|Any CPU.Build.0 = Release|Any CPU
		{519E07F8-9393-4AA6-B058-502578F59AF2}.Debug|Any CPU.ActiveCfg = Debug|Any CPU
		{519E07F8-9393-4AA6-B058-502578F59AF2}.Debug|Any CPU.Build.0 = Debug|Any CPU
		{519E07F8-9393-4AA6-B058-502578F59AF2}.Release|Any CPU.ActiveCfg = Release|Any CPU
		{519E07F8-9393-4AA6-B058-502578F59AF2}.Release|Any CPU.Build.0 = Release|Any CPU
		{4BD3448A-AA03-4EA4-8FCD-E59113152235}.Debug|Any CPU.ActiveCfg = Debug|Any CPU
		{4BD3448A-AA03-4EA4-8FCD-E59113152235}.Debug|Any CPU.Build.0 = Debug|Any CPU
		{4BD3448A-AA03-4EA4-8FCD-E59113152235}.Release|Any CPU.ActiveCfg = Release|Any CPU
		{4BD3448A-AA03-4EA4-8FCD-E59113152235}.Release|Any CPU.Build.0 = Release|Any CPU
		{50AEC311-E429-44D3-BA7D-375090A67D8A}.Debug|Any CPU.ActiveCfg = Debug|Any CPU
		{50AEC311-E429-44D3-BA7D-375090A67D8A}.Debug|Any CPU.Build.0 = Debug|Any CPU
		{50AEC311-E429-44D3-BA7D-375090A67D8A}.Release|Any CPU.ActiveCfg = Release|Any CPU
		{50AEC311-E429-44D3-BA7D-375090A67D8A}.Release|Any CPU.Build.0 = Release|Any CPU
	EndGlobalSection
	GlobalSection(SolutionProperties) = preSolution
		HideSolutionNode = FALSE
	EndGlobalSection
EndGlobal
